
Microsoft Visual Studio Solution File, Format Version 12.00
# Visual Studio Version 17
VisualStudioVersion = 17.8.34525.116
MinimumVisualStudioVersion = 10.0.40219.1
Project("{8BC9CEB8-8B4A-11D0-8D11-00A0C91BC942}") = "SLS_MPI_Version1", "SLS_MPI_Version1.vcxproj", "{C5A60CDE-CA2E-47B2-92F7-5202F1565CCF}"
EndProject
Global
	GlobalSection(SolutionConfigurationPlatforms) = preSolution
		Debug|x64 = Debug|x64
		Debug|x86 = Debug|x86
		Release|x64 = Release|x64
		Release|x86 = Release|x86
	EndGlobalSection
	GlobalSection(ProjectConfigurationPlatforms) = postSolution
		{C5A60CDE-CA2E-47B2-92F7-5202F1565CCF}.Debug|x64.ActiveCfg = Debug|x64
		{C5A60CDE-CA2E-47B2-92F7-5202F1565CCF}.Debug|x64.Build.0 = Debug|x64
		{C5A60CDE-CA2E-47B2-92F7-5202F1565CCF}.Debug|x86.ActiveCfg = Debug|Win32
		{C5A60CDE-CA2E-47B2-92F7-5202F1565CCF}.Debug|x86.Build.0 = Debug|Win32
		{C5A60CDE-CA2E-47B2-92F7-5202F1565CCF}.Release|x64.ActiveCfg = Release|x64
		{C5A60CDE-CA2E-47B2-92F7-5202F1565CCF}.Release|x64.Build.0 = Release|x64
		{C5A60CDE-CA2E-47B2-92F7-5202F1565CCF}.Release|x86.ActiveCfg = Release|Win32
		{C5A60CDE-CA2E-47B2-92F7-5202F1565CCF}.Release|x86.Build.0 = Release|Win32
	EndGlobalSection
	GlobalSection(SolutionProperties) = preSolution
		HideSolutionNode = FALSE
	EndGlobalSection
	GlobalSection(ExtensibilityGlobals) = postSolution
		SolutionGuid = {3236AAF9-B215-4C6C-A349-EE5096E4CF3E}
	EndGlobalSection
EndGlobal
