
Microsoft Visual Studio Solution File, Format Version 12.00
# Visual Studio Version 17
VisualStudioVersion = 17.0.31903.59
MinimumVisualStudioVersion = 10.0.40219.1
Project("{FAE04EC0-301F-11D3-BF4B-00C04F79EFBC}") = "Program", "Program\Program.csproj", "{71CD6FD9-4D2B-41A6-8453-E78330CA04A6}"
EndProject
Project("{FAE04EC0-301F-11D3-BF4B-00C04F79EFBC}") = "DPStrategyContract", "DPStrategyContract\DPStrategyContract.csproj", "{DD6A56D0-998C-4DF4-BBEB-EF00CEE4F97A}"
EndProject
Project("{FAE04EC0-301F-11D3-BF4B-00C04F79EFBC}") = "DPStrategies", "DPStrategies\DPStrategies.csproj", "{1FEDD150-613A-4085-82ED-522333CEC7B6}"
EndProject
Global
	GlobalSection(SolutionConfigurationPlatforms) = preSolution
		Debug|Any CPU = Debug|Any CPU
		Release|Any CPU = Release|Any CPU
	EndGlobalSection
	GlobalSection(SolutionProperties) = preSolution
		HideSolutionNode = FALSE
	EndGlobalSection
	GlobalSection(ProjectConfigurationPlatforms) = postSolution
		{71CD6FD9-4D2B-41A6-8453-E78330CA04A6}.Debug|Any CPU.ActiveCfg = Debug|Any CPU
		{71CD6FD9-4D2B-41A6-8453-E78330CA04A6}.Debug|Any CPU.Build.0 = Debug|Any CPU
		{71CD6FD9-4D2B-41A6-8453-E78330CA04A6}.Release|Any CPU.ActiveCfg = Release|Any CPU
		{71CD6FD9-4D2B-41A6-8453-E78330CA04A6}.Release|Any CPU.Build.0 = Release|Any CPU
		{DD6A56D0-998C-4DF4-BBEB-EF00CEE4F97A}.Debug|Any CPU.ActiveCfg = Debug|Any CPU
		{DD6A56D0-998C-4DF4-BBEB-EF00CEE4F97A}.Debug|Any CPU.Build.0 = Debug|Any CPU
		{DD6A56D0-998C-4DF4-BBEB-EF00CEE4F97A}.Release|Any CPU.ActiveCfg = Release|Any CPU
		{DD6A56D0-998C-4DF4-BBEB-EF00CEE4F97A}.Release|Any CPU.Build.0 = Release|Any CPU
		{1FEDD150-613A-4085-82ED-522333CEC7B6}.Debug|Any CPU.ActiveCfg = Debug|Any CPU
		{1FEDD150-613A-4085-82ED-522333CEC7B6}.Debug|Any CPU.Build.0 = Debug|Any CPU
		{1FEDD150-613A-4085-82ED-522333CEC7B6}.Release|Any CPU.ActiveCfg = Release|Any CPU
		{1FEDD150-613A-4085-82ED-522333CEC7B6}.Release|Any CPU.Build.0 = Release|Any CPU
	EndGlobalSection
EndGlobal
